
Microsoft Visual Studio Solution File, Format Version 12.00
# Visual Studio 15
VisualStudioVersion = 15.0.27703.2047
MinimumVisualStudioVersion = 10.0.40219.1
Project("{FAE04EC0-301F-11D3-BF4B-00C04F79EFBC}") = "Epsiloner.Wpf.Keyboard", "Epsiloner.Wpf.Keyboard\Epsiloner.Wpf.Keyboard.csproj", "{33035DA6-3DAF-49E6-B3F7-B96EE569688B}"
EndProject
Project("{2150E333-8FDC-42A3-9474-1A3956D46DE8}") = "Solution Items", "Solution Items", "{11D55CE6-7326-4FDE-A48D-50A68B16FAED}"
	ProjectSection(SolutionItems) = preProject
		changelog.txt = changelog.txt
	EndProjectSection
EndProject
Project("{2150E333-8FDC-42A3-9474-1A3956D46DE8}") = "Tests", "Tests", "{1B68F5D1-E814-40BC-BF37-2B4ED977C064}"
EndProject
Project("{2150E333-8FDC-42A3-9474-1A3956D46DE8}") = "Samples", "Samples", "{86792920-B046-4315-94FC-E32E59DC5B49}"
EndProject
Project("{FAE04EC0-301F-11D3-BF4B-00C04F79EFBC}") = "Epsiloner.Wpf.Keyboard.Tests", "Epsiloner.Wpf.Keyboard.Tests\Epsiloner.Wpf.Keyboard.Tests.csproj", "{45B1C5DF-775E-4D98-881C-BB444C0C37BC}"
EndProject
Project("{FAE04EC0-301F-11D3-BF4B-00C04F79EFBC}") = "Sample_1", "Samples\Sample_1\Sample_1.csproj", "{CDF77EFC-FCEA-4BFD-B9B2-A218C1147FAC}"
EndProject
Project("{FAE04EC0-301F-11D3-BF4B-00C04F79EFBC}") = "Sample_2", "Samples\Sample_2\Sample_2.csproj", "{CA241E48-E1DB-4BBA-96F6-ED4942C9FE79}"
EndProject
Global
	GlobalSection(SolutionConfigurationPlatforms) = preSolution
		Debug|Any CPU = Debug|Any CPU
		Release|Any CPU = Release|Any CPU
	EndGlobalSection
	GlobalSection(ProjectConfigurationPlatforms) = postSolution
		{33035DA6-3DAF-49E6-B3F7-B96EE569688B}.Debug|Any CPU.ActiveCfg = Debug|Any CPU
		{33035DA6-3DAF-49E6-B3F7-B96EE569688B}.Debug|Any CPU.Build.0 = Debug|Any CPU
		{33035DA6-3DAF-49E6-B3F7-B96EE569688B}.Release|Any CPU.ActiveCfg = Release|Any CPU
		{33035DA6-3DAF-49E6-B3F7-B96EE569688B}.Release|Any CPU.Build.0 = Release|Any CPU
		{45B1C5DF-775E-4D98-881C-BB444C0C37BC}.Debug|Any CPU.ActiveCfg = Debug|Any CPU
		{45B1C5DF-775E-4D98-881C-BB444C0C37BC}.Debug|Any CPU.Build.0 = Debug|Any CPU
		{45B1C5DF-775E-4D98-881C-BB444C0C37BC}.Release|Any CPU.ActiveCfg = Release|Any CPU
		{45B1C5DF-775E-4D98-881C-BB444C0C37BC}.Release|Any CPU.Build.0 = Release|Any CPU
		{CDF77EFC-FCEA-4BFD-B9B2-A218C1147FAC}.Debug|Any CPU.ActiveCfg = Debug|Any CPU
		{CDF77EFC-FCEA-4BFD-B9B2-A218C1147FAC}.Debug|Any CPU.Build.0 = Debug|Any CPU
		{CDF77EFC-FCEA-4BFD-B9B2-A218C1147FAC}.Release|Any CPU.ActiveCfg = Release|Any CPU
		{CDF77EFC-FCEA-4BFD-B9B2-A218C1147FAC}.Release|Any CPU.Build.0 = Release|Any CPU
		{CA241E48-E1DB-4BBA-96F6-ED4942C9FE79}.Debug|Any CPU.ActiveCfg = Debug|Any CPU
		{CA241E48-E1DB-4BBA-96F6-ED4942C9FE79}.Debug|Any CPU.Build.0 = Debug|Any CPU
		{CA241E48-E1DB-4BBA-96F6-ED4942C9FE79}.Release|Any CPU.ActiveCfg = Release|Any CPU
		{CA241E48-E1DB-4BBA-96F6-ED4942C9FE79}.Release|Any CPU.Build.0 = Release|Any CPU
	EndGlobalSection
	GlobalSection(SolutionProperties) = preSolution
		HideSolutionNode = FALSE
	EndGlobalSection
	GlobalSection(NestedProjects) = preSolution
		{45B1C5DF-775E-4D98-881C-BB444C0C37BC} = {1B68F5D1-E814-40BC-BF37-2B4ED977C064}
		{CDF77EFC-FCEA-4BFD-B9B2-A218C1147FAC} = {86792920-B046-4315-94FC-E32E59DC5B49}
		{CA241E48-E1DB-4BBA-96F6-ED4942C9FE79} = {86792920-B046-4315-94FC-E32E59DC5B49}
	EndGlobalSection
	GlobalSection(ExtensibilityGlobals) = postSolution
		SolutionGuid = {07C096EE-1469-4CA1-A99D-55D3C8F35AF4}
	EndGlobalSection
EndGlobal
